// !$*UTF8*$!
{
	archiveVersion = 1;
	classes = {
	};
	objectVersion = 46;
	objects = {

/* Begin PBXBuildFile section */
		0DAD9BB91BC33BF300669BA1 /* AppDelegate.swift in Sources */ = {isa = PBXBuildFile; fileRef = 0DAD9BB81BC33BF300669BA1 /* AppDelegate.swift */; };
		0DAD9BBB1BC33BF300669BA1 /* MasterViewController.swift in Sources */ = {isa = PBXBuildFile; fileRef = 0DAD9BBA1BC33BF300669BA1 /* MasterViewController.swift */; };
		0DAD9BBD1BC33BF300669BA1 /* DetailViewController.swift in Sources */ = {isa = PBXBuildFile; fileRef = 0DAD9BBC1BC33BF300669BA1 /* DetailViewController.swift */; };
		0DAD9BC01BC33BF300669BA1 /* Main.storyboard in Resources */ = {isa = PBXBuildFile; fileRef = 0DAD9BBE1BC33BF300669BA1 /* Main.storyboard */; };
		0DAD9BC21BC33BF300669BA1 /* Images.xcassets in Resources */ = {isa = PBXBuildFile; fileRef = 0DAD9BC11BC33BF300669BA1 /* Images.xcassets */; };
		0DAD9BC51BC33BF300669BA1 /* LaunchScreen.xib in Resources */ = {isa = PBXBuildFile; fileRef = 0DAD9BC31BC33BF300669BA1 /* LaunchScreen.xib */; };
		0DAD9BD11BC33BF300669BA1 /* MyBandsTests.swift in Sources */ = {isa = PBXBuildFile; fileRef = 0DAD9BD01BC33BF300669BA1 /* MyBandsTests.swift */; };
/* End PBXBuildFile section */

/* Begin PBXContainerItemProxy section */
		0DAD9BCB1BC33BF300669BA1 /* PBXContainerItemProxy */ = {
			isa = PBXContainerItemProxy;
			containerPortal = 0DAD9BAB1BC33BF300669BA1 /* Project object */;
			proxyType = 1;
			remoteGlobalIDString = 0DAD9BB21BC33BF300669BA1;
			remoteInfo = MyBands;
		};
/* End PBXContainerItemProxy section */

/* Begin PBXFileReference section */
		0DAD9BB31BC33BF300669BA1 /* MyBands.app */ = {isa = PBXFileReference; explicitFileType = wrapper.application; includeInIndex = 0; path = MyBands.app; sourceTree = BUILT_PRODUCTS_DIR; };
		0DAD9BB71BC33BF300669BA1 /* Info.plist */ = {isa = PBXFileReference; lastKnownFileType = text.plist.xml; path = Info.plist; sourceTree = "<group>"; };
		0DAD9BB81BC33BF300669BA1 /* AppDelegate.swift */ = {isa = PBXFileReference; lastKnownFileType = sourcecode.swift; path = AppDelegate.swift; sourceTree = "<group>"; };
		0DAD9BBA1BC33BF300669BA1 /* MasterViewController.swift */ = {isa = PBXFileReference; lastKnownFileType = sourcecode.swift; path = MasterViewController.swift; sourceTree = "<group>"; };
		0DAD9BBC1BC33BF300669BA1 /* DetailViewController.swift */ = {isa = PBXFileReference; lastKnownFileType = sourcecode.swift; path = DetailViewController.swift; sourceTree = "<group>"; };
		0DAD9BBF1BC33BF300669BA1 /* Base */ = {isa = PBXFileReference; lastKnownFileType = file.storyboard; name = Base; path = Base.lproj/Main.storyboard; sourceTree = "<group>"; };
		0DAD9BC11BC33BF300669BA1 /* Images.xcassets */ = {isa = PBXFileReference; lastKnownFileType = folder.assetcatalog; path = Images.xcassets; sourceTree = "<group>"; };
		0DAD9BC41BC33BF300669BA1 /* Base */ = {isa = PBXFileReference; lastKnownFileType = file.xib; name = Base; path = Base.lproj/LaunchScreen.xib; sourceTree = "<group>"; };
		0DAD9BCA1BC33BF300669BA1 /* MyBandsTests.xctest */ = {isa = PBXFileReference; explicitFileType = wrapper.cfbundle; includeInIndex = 0; path = MyBandsTests.xctest; sourceTree = BUILT_PRODUCTS_DIR; };
		0DAD9BCF1BC33BF300669BA1 /* Info.plist */ = {isa = PBXFileReference; lastKnownFileType = text.plist.xml; path = Info.plist; sourceTree = "<group>"; };
		0DAD9BD01BC33BF300669BA1 /* MyBandsTests.swift */ = {isa = PBXFileReference; lastKnownFileType = sourcecode.swift; path = MyBandsTests.swift; sourceTree = "<group>"; };
/* End PBXFileReference section */

/* Begin PBXFrameworksBuildPhase section */
		0DAD9BB01BC33BF300669BA1 /* Frameworks */ = {
			isa = PBXFrameworksBuildPhase;
			buildActionMask = 2147483647;
			files = (
			);
			runOnlyForDeploymentPostprocessing = 0;
		};
		0DAD9BC71BC33BF300669BA1 /* Frameworks */ = {
			isa = PBXFrameworksBuildPhase;
			buildActionMask = 2147483647;
			files = (
			);
			runOnlyForDeploymentPostprocessing = 0;
		};
/* End PBXFrameworksBuildPhase section */

/* Begin PBXGroup section */
		0DAD9BAA1BC33BF300669BA1 = {
			isa = PBXGroup;
			children = (
				0DAD9BB51BC33BF300669BA1 /* MyBands */,
				0DAD9BCD1BC33BF300669BA1 /* MyBandsTests */,
				0DAD9BB41BC33BF300669BA1 /* Products */,
			);
			sourceTree = "<group>";
		};
		0DAD9BB41BC33BF300669BA1 /* Products */ = {
			isa = PBXGroup;
			children = (
				0DAD9BB31BC33BF300669BA1 /* MyBands.app */,
				0DAD9BCA1BC33BF300669BA1 /* MyBandsTests.xctest */,
			);
			name = Products;
			sourceTree = "<group>";
		};
		0DAD9BB51BC33BF300669BA1 /* MyBands */ = {
			isa = PBXGroup;
			children = (
				0DAD9BB81BC33BF300669BA1 /* AppDelegate.swift */,
				0DAD9BBA1BC33BF300669BA1 /* MasterViewController.swift */,
				0DAD9BBC1BC33BF300669BA1 /* DetailViewController.swift */,
				0DAD9BBE1BC33BF300669BA1 /* Main.storyboard */,
				0DAD9BC11BC33BF300669BA1 /* Images.xcassets */,
				0DAD9BC31BC33BF300669BA1 /* LaunchScreen.xib */,
				0DAD9BB61BC33BF300669BA1 /* Supporting Files */,
			);
			path = MyBands;
			sourceTree = "<group>";
		};
		0DAD9BB61BC33BF300669BA1 /* Supporting Files */ = {
			isa = PBXGroup;
			children = (
				0DAD9BB71BC33BF300669BA1 /* Info.plist */,
			);
			name = "Supporting Files";
			sourceTree = "<group>";
		};
		0DAD9BCD1BC33BF300669BA1 /* MyBandsTests */ = {
			isa = PBXGroup;
			children = (
				0DAD9BD01BC33BF300669BA1 /* MyBandsTests.swift */,
				0DAD9BCE1BC33BF300669BA1 /* Supporting Files */,
			);
			path = MyBandsTests;
			sourceTree = "<group>";
		};
		0DAD9BCE1BC33BF300669BA1 /* Supporting Files */ = {
			isa = PBXGroup;
			children = (
				0DAD9BCF1BC33BF300669BA1 /* Info.plist */,
			);
			name = "Supporting Files";
			sourceTree = "<group>";
		};
/* End PBXGroup section */

/* Begin PBXNativeTarget section */
		0DAD9BB21BC33BF300669BA1 /* MyBands */ = {
			isa = PBXNativeTarget;
			buildConfigurationList = 0DAD9BD41BC33BF300669BA1 /* Build configuration list for PBXNativeTarget "MyBands" */;
			buildPhases = (
				0DAD9BAF1BC33BF300669BA1 /* Sources */,
				0DAD9BB01BC33BF300669BA1 /* Frameworks */,
				0DAD9BB11BC33BF300669BA1 /* Resources */,
			);
			buildRules = (
			);
			dependencies = (
			);
			name = MyBands;
			productName = MyBands;
			productReference = 0DAD9BB31BC33BF300669BA1 /* MyBands.app */;
			productType = "com.apple.product-type.application";
		};
		0DAD9BC91BC33BF300669BA1 /* MyBandsTests */ = {
			isa = PBXNativeTarget;
			buildConfigurationList = 0DAD9BD71BC33BF300669BA1 /* Build configuration list for PBXNativeTarget "MyBandsTests" */;
			buildPhases = (
				0DAD9BC61BC33BF300669BA1 /* Sources */,
				0DAD9BC71BC33BF300669BA1 /* Frameworks */,
				0DAD9BC81BC33BF300669BA1 /* Resources */,
			);
			buildRules = (
			);
			dependencies = (
				0DAD9BCC1BC33BF300669BA1 /* PBXTargetDependency */,
			);
			name = MyBandsTests;
			productName = MyBandsTests;
			productReference = 0DAD9BCA1BC33BF300669BA1 /* MyBandsTests.xctest */;
			productType = "com.apple.product-type.bundle.unit-test";
		};
/* End PBXNativeTarget section */

/* Begin PBXProject section */
		0DAD9BAB1BC33BF300669BA1 /* Project object */ = {
			isa = PBXProject;
			attributes = {
				LastUpgradeCheck = 0630;
				ORGANIZATIONNAME = "rock valley college";
				TargetAttributes = {
					0DAD9BB21BC33BF300669BA1 = {
						CreatedOnToolsVersion = 6.3.2;
					};
					0DAD9BC91BC33BF300669BA1 = {
						CreatedOnToolsVersion = 6.3.2;
						TestTargetID = 0DAD9BB21BC33BF300669BA1;
					};
				};
			};
			buildConfigurationList = 0DAD9BAE1BC33BF300669BA1 /* Build configuration list for PBXProject "MyBands" */;
			compatibilityVersion = "Xcode 3.2";
			developmentRegion = English;
			hasScannedForEncodings = 0;
			knownRegions = (
				en,
				Base,
			);
			mainGroup = 0DAD9BAA1BC33BF300669BA1;
			productRefGroup = 0DAD9BB41BC33BF300669BA1 /* Products */;
			projectDirPath = "";
			projectRoot = "";
			targets = (
				0DAD9BB21BC33BF300669BA1 /* MyBands */,
				0DAD9BC91BC33BF300669BA1 /* MyBandsTests */,
			);
		};
/* End PBXProject section */

/* Begin PBXResourcesBuildPhase section */
		0DAD9BB11BC33BF300669BA1 /* Resources */ = {
			isa = PBXResourcesBuildPhase;
			buildActionMask = 2147483647;
			files = (
				0DAD9BC01BC33BF300669BA1 /* Main.storyboard in Resources */,
				0DAD9BC51BC33BF300669BA1 /* LaunchScreen.xib in Resources */,
				0DAD9BC21BC33BF300669BA1 /* Images.xcassets in Resources */,
			);
			runOnlyForDeploymentPostprocessing = 0;
		};
		0DAD9BC81BC33BF300669BA1 /* Resources */ = {
			isa = PBXResourcesBuildPhase;
			buildActionMask = 2147483647;
			files = (
			);
			runOnlyForDeploymentPostprocessing = 0;
		};
/* End PBXResourcesBuildPhase section */

/* Begin PBXSourcesBuildPhase section */
		0DAD9BAF1BC33BF300669BA1 /* Sources */ = {
			isa = PBXSourcesBuildPhase;
			buildActionMask = 2147483647;
			files = (
				0DAD9BBD1BC33BF300669BA1 /* DetailViewController.swift in Sources */,
				0DAD9BBB1BC33BF300669BA1 /* MasterViewController.swift in Sources */,
				0DAD9BB91BC33BF300669BA1 /* AppDelegate.swift in Sources */,
			);
			runOnlyForDeploymentPostprocessing = 0;
		};
		0DAD9BC61BC33BF300669BA1 /* Sources */ = {
			isa = PBXSourcesBuildPhase;
			buildActionMask = 2147483647;
			files = (
				0DAD9BD11BC33BF300669BA1 /* MyBandsTests.swift in Sources */,
			);
			runOnlyForDeploymentPostprocessing = 0;
		};
/* End PBXSourcesBuildPhase section */

/* Begin PBXTargetDependency section */
		0DAD9BCC1BC33BF300669BA1 /* PBXTargetDependency */ = {
			isa = PBXTargetDependency;
			target = 0DAD9BB21BC33BF300669BA1 /* MyBands */;
			targetProxy = 0DAD9BCB1BC33BF300669BA1 /* PBXContainerItemProxy */;
		};
/* End PBXTargetDependency section */

/* Begin PBXVariantGroup section */
		0DAD9BBE1BC33BF300669BA1 /* Main.storyboard */ = {
			isa = PBXVariantGroup;
			children = (
				0DAD9BBF1BC33BF300669BA1 /* Base */,
			);
			name = Main.storyboard;
			sourceTree = "<group>";
		};
		0DAD9BC31BC33BF300669BA1 /* LaunchScreen.xib */ = {
			isa = PBXVariantGroup;
			children = (
				0DAD9BC41BC33BF300669BA1 /* Base */,
			);
			name = LaunchScreen.xib;
			sourceTree = "<group>";
		};
/* End PBXVariantGroup section */

/* Begin XCBuildConfiguration section */
		0DAD9BD21BC33BF300669BA1 /* Debug */ = {
			isa = XCBuildConfiguration;
			buildSettings = {
				ALWAYS_SEARCH_USER_PATHS = NO;
				CLANG_CXX_LANGUAGE_STANDARD = "gnu++0x";
				CLANG_CXX_LIBRARY = "libc++";
				CLANG_ENABLE_MODULES = YES;
				CLANG_ENABLE_OBJC_ARC = YES;
				CLANG_WARN_BOOL_CONVERSION = YES;
				CLANG_WARN_CONSTANT_CONVERSION = YES;
				CLANG_WARN_DIRECT_OBJC_ISA_USAGE = YES_ERROR;
				CLANG_WARN_EMPTY_BODY = YES;
				CLANG_WARN_ENUM_CONVERSION = YES;
				CLANG_WARN_INT_CONVERSION = YES;
				CLANG_WARN_OBJC_ROOT_CLASS = YES_ERROR;
				CLANG_WARN_UNREACHABLE_CODE = YES;
				CLANG_WARN__DUPLICATE_METHOD_MATCH = YES;
				"CODE_SIGN_IDENTITY[sdk=iphoneos*]" = "iPhone Developer";
				COPY_PHASE_STRIP = NO;
				DEBUG_INFORMATION_FORMAT = "dwarf-with-dsym";
				ENABLE_STRICT_OBJC_MSGSEND = YES;
				GCC_C_LANGUAGE_STANDARD = gnu99;
				GCC_DYNAMIC_NO_PIC = NO;
				GCC_NO_COMMON_BLOCKS = YES;
				GCC_OPTIMIZATION_LEVEL = 0;
				GCC_PREPROCESSOR_DEFINITIONS = (
					"DEBUG=1",
					"$(inherited)",
				);
				GCC_SYMBOLS_PRIVATE_EXTERN = NO;
				GCC_WARN_64_TO_32_BIT_CONVERSION = YES;
				GCC_WARN_ABOUT_RETURN_TYPE = YES_ERROR;
				GCC_WARN_UNDECLARED_SELECTOR = YES;
				GCC_WARN_UNINITIALIZED_AUTOS = YES_AGGRESSIVE;
				GCC_WARN_UNUSED_FUNCTION = YES;
				GCC_WARN_UNUSED_VARIABLE = YES;
				IPHONEOS_DEPLOYMENT_TARGET = 8.3;
				MTL_ENABLE_DEBUG_INFO = YES;
				ONLY_ACTIVE_ARCH = YES;
				SDKROOT = iphoneos;
				SWIFT_OPTIMIZATION_LEVEL = "-Onone";
				TARGETED_DEVICE_FAMILY = "1,2";
			};
			name = Debug;
		};
		0DAD9BD31BC33BF300669BA1 /* Release */ = {
			isa = XCBuildConfiguration;
			buildSettings = {
				ALWAYS_SEARCH_USER_PATHS = NO;
				CLANG_CXX_LANGUAGE_STANDARD = "gnu++0x";
				CLANG_CXX_LIBRARY = "libc++";
				CLANG_ENABLE_MODULES = YES;
				CLANG_ENABLE_OBJC_ARC = YES;
				CLANG_WARN_BOOL_CONVERSION = YES;
				CLANG_WARN_CONSTANT_CONVERSION = YES;
				CLANG_WARN_DIRECT_OBJC_ISA_USAGE = YES_ERROR;
				CLANG_WARN_EMPTY_BODY = YES;
				CLANG_WARN_ENUM_CONVERSION = YES;
				CLANG_WARN_INT_CONVERSION = YES;
				CLANG_WARN_OBJC_ROOT_CLASS = YES_ERROR;
				CLANG_WARN_UNREACHABLE_CODE = YES;
				CLANG_WARN__DUPLICATE_METHOD_MATCH = YES;
				"CODE_SIGN_IDENTITY[sdk=iphoneos*]" = "iPhone Developer";
				COPY_PHASE_STRIP = NO;
				DEBUG_INFORMATION_FORMAT = "dwarf-with-dsym";
				ENABLE_NS_ASSERTIONS = NO;
				ENABLE_STRICT_OBJC_MSGSEND = YES;
				GCC_C_LANGUAGE_STANDARD = gnu99;
				GCC_NO_COMMON_BLOCKS = YES;
				GCC_WARN_64_TO_32_BIT_CONVERSION = YES;
				GCC_WARN_ABOUT_RETURN_TYPE = YES_ERROR;
				GCC_WARN_UNDECLARED_SELECTOR = YES;
				GCC_WARN_UNINITIALIZED_AUTOS = YES_AGGRESSIVE;
				GCC_WARN_UNUSED_FUNCTION = YES;
				GCC_WARN_UNUSED_VARIABLE = YES;
				IPHONEOS_DEPLOYMENT_TARGET = 8.3;
				MTL_ENABLE_DEBUG_INFO = NO;
				SDKROOT = iphoneos;
				TARGETED_DEVICE_FAMILY = "1,2";
				VALIDATE_PRODUCT = YES;
			};
			name = Release;
		};
		0DAD9BD51BC33BF300669BA1 /* Debug */ = {
			isa = XCBuildConfiguration;
			buildSettings = {
				ASSETCATALOG_COMPILER_APPICON_NAME = AppIcon;
				INFOPLIST_FILE = MyBands/Info.plist;
				LD_RUNPATH_SEARCH_PATHS = "$(inherited) @executable_path/Frameworks";
				PRODUCT_NAME = "$(TARGET_NAME)";
			};
			name = Debug;
		};
		0DAD9BD61BC33BF300669BA1 /* Release */ = {
			isa = XCBuildConfiguration;
			buildSettings = {
				ASSETCATALOG_COMPILER_APPICON_NAME = AppIcon;
				INFOPLIST_FILE = MyBands/Info.plist;
				LD_RUNPATH_SEARCH_PATHS = "$(inherited) @executable_path/Frameworks";
				PRODUCT_NAME = "$(TARGET_NAME)";
			};
			name = Release;
		};
		0DAD9BD81BC33BF300669BA1 /* Debug */ = {
			isa = XCBuildConfiguration;
			buildSettings = {
				BUNDLE_LOADER = "$(TEST_HOST)";
				FRAMEWORK_SEARCH_PATHS = (
					"$(SDKROOT)/Developer/Library/Frameworks",
					"$(inherited)",
				);
				GCC_PREPROCESSOR_DEFINITIONS = (
					"DEBUG=1",
					"$(inherited)",
				);
				INFOPLIST_FILE = MyBandsTests/Info.plist;
				LD_RUNPATH_SEARCH_PATHS = "$(inherited) @executable_path/Frameworks @loader_path/Frameworks";
				PRODUCT_NAME = "$(TARGET_NAME)";
				TEST_HOST = "$(BUILT_PRODUCTS_DIR)/MyBands.app/MyBands";
			};
			name = Debug;
		};
		0DAD9BD91BC33BF300669BA1 /* Release */ = {
			isa = XCBuildConfiguration;
			buildSettings = {
				BUNDLE_LOADER = "$(TEST_HOST)";
				FRAMEWORK_SEARCH_PATHS = (
					"$(SDKROOT)/Developer/Library/Frameworks",
					"$(inherited)",
				);
				INFOPLIST_FILE = MyBandsTests/Info.plist;
				LD_RUNPATH_SEARCH_PATHS = "$(inherited) @executable_path/Frameworks @loader_path/Frameworks";
				PRODUCT_NAME = "$(TARGET_NAME)";
				TEST_HOST = "$(BUILT_PRODUCTS_DIR)/MyBands.app/MyBands";
			};
			name = Release;
		};
/* End XCBuildConfiguration section */

/* Begin XCConfigurationList section */
		0DAD9BAE1BC33BF300669BA1 /* Build configuration list for PBXProject "MyBands" */ = {
			isa = XCConfigurationList;
			buildConfigurations = (
				0DAD9BD21BC33BF300669BA1 /* Debug */,
				0DAD9BD31BC33BF300669BA1 /* Release */,
			);
			defaultConfigurationIsVisible = 0;
			defaultConfigurationName = Release;
		};
		0DAD9BD41BC33BF300669BA1 /* Build configuration list for PBXNativeTarget "MyBands" */ = {
			isa = XCConfigurationList;
			buildConfigurations = (
				0DAD9BD51BC33BF300669BA1 /* Debug */,
				0DAD9BD61BC33BF300669BA1 /* Release */,
			);
			defaultConfigurationIsVisible = 0;
		};
		0DAD9BD71BC33BF300669BA1 /* Build configuration list for PBXNativeTarget "MyBandsTests" */ = {
			isa = XCConfigurationList;
			buildConfigurations = (
				0DAD9BD81BC33BF300669BA1 /* Debug */,
				0DAD9BD91BC33BF300669BA1 /* Release */,
			);
			defaultConfigurationIsVisible = 0;
		};
/* End XCConfigurationList section */
	};
	rootObject = 0DAD9BAB1BC33BF300669BA1 /* Project object */;
}
